# THIS IS AN AUTOGENERATED FILE. DO NOT EDIT THIS FILE DIRECTLY.
# yarn lockfile v1


"@rails/actiontext@^6.0.3-3":
  version "6.0.3-3"
  resolved "https://registry.yarnpkg.com/@rails/actiontext/-/actiontext-6.0.3-3.tgz#a934e13eb21ba38e1442aa8bf2d74e879ff82403"
  integrity sha512-C6ZvyEfMmcg+IxDkl/LKddBMaAHzE0sKBhhmfFZBTP6jXTugDEqaxWZS7hoCZNNwhi1YiVkMzQsfc3C5s11Jtw==
  dependencies:
    "@rails/activestorage" "^6.0.0-alpha"

"@rails/activestorage@^6.0.0-alpha":
  version "6.0.3"
  resolved "https://registry.yarnpkg.com/@rails/activestorage/-/activestorage-6.0.3.tgz#401d2a28ecb7167cdb5e830ffddaa17c308c31aa"
  integrity sha512-YdNwyfryHlcKj7Ruix89wZ2aiN3KTYULdW1Y/hNlHJlrY2/PXjT2YBTzZiVd+dcjrwHBsXV2rExdy+Z/lsrlEg==
  dependencies:
    spark-md5 "^3.0.0"

spark-md5@^3.0.0:
  version "3.0.1"
  resolved "https://registry.yarnpkg.com/spark-md5/-/spark-md5-3.0.1.tgz#83a0e255734f2ab4e5c466e5a2cfc9ba2aa2124d"
  integrity sha512-0tF3AGSD1ppQeuffsLDIOWlKUd3lS92tFxcsrh5Pe3ZphhnoK+oXIBTzOAThZCiuINZLvpiLH/1VS1/ANEJVig==

trix@^1.2.0:
  version "1.2.4"
  resolved "https://registry.yarnpkg.com/trix/-/trix-1.2.4.tgz#8b8f8ea58c2605ad3d04a3b82d60a994576e33a5"
  integrity sha512-S6YUUaaHngNbW1jzBV3MQ35pisTV/x5yKlNZrAf8exkOnHsTj+2OJHx2jBLqRQEtpWHpg85pHjo2A7dKK2RQbQ==
